
Microsoft Visual Studio Solution File, Format Version 12.00
# Visual Studio Version 17
VisualStudioVersion = 17.13.35931.197 d17.13
MinimumVisualStudioVersion = 10.0.40219.1
Project("{FAE04EC0-301F-11D3-BF4B-00C04F79EFBC}") = "LibraryAPI", "LibraryAPI.csproj", "{D53EEC6E-ADFD-4829-9253-FF105FCBCE03}"
EndProject
Global
	GlobalSection(SolutionConfigurationPlatforms) = preSolution
		Debug|Any CPU = Debug|Any CPU
		Release|Any CPU = Release|Any CPU
	EndGlobalSection
	GlobalSection(ProjectConfigurationPlatforms) = postSolution
		{D53EEC6E-ADFD-4829-9253-FF105FCBCE03}.Debug|Any CPU.ActiveCfg = Debug|Any CPU
		{D53EEC6E-ADFD-4829-9253-FF105FCBCE03}.Debug|Any CPU.Build.0 = Debug|Any CPU
		{D53EEC6E-ADFD-4829-9253-FF105FCBCE03}.Release|Any CPU.ActiveCfg = Release|Any CPU
		{D53EEC6E-ADFD-4829-9253-FF105FCBCE03}.Release|Any CPU.Build.0 = Release|Any CPU
	EndGlobalSection
	GlobalSection(SolutionProperties) = preSolution
		HideSolutionNode = FALSE
	EndGlobalSection
	GlobalSection(ExtensibilityGlobals) = postSolution
		SolutionGuid = {6A5D144F-8567-4883-A73E-F1C2A6A8E1DB}
	EndGlobalSection
EndGlobal
